
Microsoft Visual Studio Solution File, Format Version 12.00
# Visual Studio Version 16
VisualStudioVersion = 16.0.32428.217
MinimumVisualStudioVersion = 10.0.40219.1
Project("{FAE04EC0-301F-11D3-BF4B-00C04F79EFBC}") = "BranchingAs", "BranchingAs\BranchingAs.csproj", "{07321A08-AD43-4647-A519-F7E6BC2907A0}"
EndProject
Global
	GlobalSection(SolutionConfigurationPlatforms) = preSolution
		Debug|Any CPU = Debug|Any CPU
		Release|Any CPU = Release|Any CPU
	EndGlobalSection
	GlobalSection(ProjectConfigurationPlatforms) = postSolution
		{07321A08-AD43-4647-A519-F7E6BC2907A0}.Debug|Any CPU.ActiveCfg = Debug|Any CPU
		{07321A08-AD43-4647-A519-F7E6BC2907A0}.Debug|Any CPU.Build.0 = Debug|Any CPU
		{07321A08-AD43-4647-A519-F7E6BC2907A0}.Release|Any CPU.ActiveCfg = Release|Any CPU
		{07321A08-AD43-4647-A519-F7E6BC2907A0}.Release|Any CPU.Build.0 = Release|Any CPU
	EndGlobalSection
	GlobalSection(SolutionProperties) = preSolution
		HideSolutionNode = FALSE
	EndGlobalSection
	GlobalSection(ExtensibilityGlobals) = postSolution
		SolutionGuid = {90D2E6D8-ECB8-4A99-ADC2-3863AE2EBD02}
	EndGlobalSection
EndGlobal
